// !$*UTF8*$!
{
	archiveVersion = 1;
	classes = {
	};
	objectVersion = 50;
	objects = {

/* Begin PBXBuildFile section */
		5B151BAC21CCB6BA00C1F925 /* AppDelegate.swift in Sources */ = {isa = PBXBuildFile; fileRef = 5B151BAB21CCB6BA00C1F925 /* AppDelegate.swift */; };
		5B151BAE21CCB6BA00C1F925 /* ViewController.swift in Sources */ = {isa = PBXBuildFile; fileRef = 5B151BAD21CCB6BA00C1F925 /* ViewController.swift */; };
		5B151BB021CCB6BD00C1F925 /* Assets.xcassets in Resources */ = {isa = PBXBuildFile; fileRef = 5B151BAF21CCB6BD00C1F925 /* Assets.xcassets */; };
		5B151BB321CCB6BD00C1F925 /* Main.storyboard in Resources */ = {isa = PBXBuildFile; fileRef = 5B151BB121CCB6BD00C1F925 /* Main.storyboard */; };
		5B151BC021CCB7E300C1F925 /* deeplab.mlmodel in Sources */ = {isa = PBXBuildFile; fileRef = 5B151BBE21CCB7E300C1F925 /* deeplab.mlmodel */; };
		5B151BC121CCB7E300C1F925 /* HED_fuse.mlmodel in Sources */ = {isa = PBXBuildFile; fileRef = 5B151BBF21CCB7E300C1F925 /* HED_fuse.mlmodel */; };
		5B151BC421CCB8F800C1F925 /* HED_so.mlmodel in Sources */ = {isa = PBXBuildFile; fileRef = 5B151BC221CCB8F800C1F925 /* HED_so.mlmodel */; };
		5B151BC521CCB8F800C1F925 /* HED_so3.mlmodel in Sources */ = {isa = PBXBuildFile; fileRef = 5B151BC321CCB8F800C1F925 /* HED_so3.mlmodel */; };
		5B151BCA21CCBC8800C1F925 /* UIImage+CVPixelBuffer.swift in Sources */ = {isa = PBXBuildFile; fileRef = 5B151BC821CCBC8800C1F925 /* UIImage+CVPixelBuffer.swift */; };
		5B151BCB21CCBC8800C1F925 /* UIImage+Resize.swift in Sources */ = {isa = PBXBuildFile; fileRef = 5B151BC921CCBC8800C1F925 /* UIImage+Resize.swift */; };
		5B151BCD21CCBC9A00C1F925 /* pic1.jpg in Resources */ = {isa = PBXBuildFile; fileRef = 5B151BCC21CCBC9A00C1F925 /* pic1.jpg */; };
		5B151BCF21CE60F700C1F925 /* woman.jpg in Resources */ = {isa = PBXBuildFile; fileRef = 5B151BCE21CE60F700C1F925 /* woman.jpg */; };
/* End PBXBuildFile section */

/* Begin PBXFileReference section */
		5B151BA821CCB6BA00C1F925 /* Deeplab.app */ = {isa = PBXFileReference; explicitFileType = wrapper.application; includeInIndex = 0; path = Deeplab.app; sourceTree = BUILT_PRODUCTS_DIR; };
		5B151BAB21CCB6BA00C1F925 /* AppDelegate.swift */ = {isa = PBXFileReference; lastKnownFileType = sourcecode.swift; path = AppDelegate.swift; sourceTree = "<group>"; };
		5B151BAD21CCB6BA00C1F925 /* ViewController.swift */ = {isa = PBXFileReference; lastKnownFileType = sourcecode.swift; path = ViewController.swift; sourceTree = "<group>"; };
		5B151BAF21CCB6BD00C1F925 /* Assets.xcassets */ = {isa = PBXFileReference; lastKnownFileType = folder.assetcatalog; path = Assets.xcassets; sourceTree = "<group>"; };
		5B151BB221CCB6BD00C1F925 /* Base */ = {isa = PBXFileReference; lastKnownFileType = file.storyboard; name = Base; path = Base.lproj/Main.storyboard; sourceTree = "<group>"; };
		5B151BB421CCB6BD00C1F925 /* Info.plist */ = {isa = PBXFileReference; lastKnownFileType = text.plist.xml; path = Info.plist; sourceTree = "<group>"; };
		5B151BB521CCB6BD00C1F925 /* Deeplab.entitlements */ = {isa = PBXFileReference; lastKnownFileType = text.plist.entitlements; path = Deeplab.entitlements; sourceTree = "<group>"; };
		5B151BBE21CCB7E300C1F925 /* deeplab.mlmodel */ = {isa = PBXFileReference; lastKnownFileType = file.mlmodel; name = deeplab.mlmodel; path = "../../../../../Downloads/HED-CoreML-master/HED-CoreML/Models/deeplab.mlmodel"; sourceTree = "<group>"; };
		5B151BBF21CCB7E300C1F925 /* HED_fuse.mlmodel */ = {isa = PBXFileReference; lastKnownFileType = file.mlmodel; name = HED_fuse.mlmodel; path = "../../../../../Downloads/HED-CoreML-master/HED-CoreML/Models/HED_fuse.mlmodel"; sourceTree = "<group>"; };
		5B151BC221CCB8F800C1F925 /* HED_so.mlmodel */ = {isa = PBXFileReference; lastKnownFileType = file.mlmodel; name = HED_so.mlmodel; path = "../../../../../Downloads/HED-CoreML-master/HED-CoreML/Models/HED_so.mlmodel"; sourceTree = "<group>"; };
		5B151BC321CCB8F800C1F925 /* HED_so3.mlmodel */ = {isa = PBXFileReference; lastKnownFileType = file.mlmodel; name = HED_so3.mlmodel; path = "../../../../../Downloads/HED-CoreML-master/HED-CoreML/Models/HED_so3.mlmodel"; sourceTree = "<group>"; };
		5B151BC821CCBC8800C1F925 /* UIImage+CVPixelBuffer.swift */ = {isa = PBXFileReference; fileEncoding = 4; lastKnownFileType = sourcecode.swift; name = "UIImage+CVPixelBuffer.swift"; path = "../../../../../../Downloads/HED-CoreML-master/HED-CoreML/Utils/UIImage+CVPixelBuffer.swift"; sourceTree = "<group>"; };
		5B151BC921CCBC8800C1F925 /* UIImage+Resize.swift */ = {isa = PBXFileReference; fileEncoding = 4; lastKnownFileType = sourcecode.swift; name = "UIImage+Resize.swift"; path = "../../../../../../Downloads/HED-CoreML-master/HED-CoreML/Utils/UIImage+Resize.swift"; sourceTree = "<group>"; };
		5B151BCC21CCBC9A00C1F925 /* pic1.jpg */ = {isa = PBXFileReference; lastKnownFileType = image.jpeg; name = pic1.jpg; path = "../../../../Downloads/HED-CoreML-master/HED-CoreML/Images/pic1.jpg"; sourceTree = SOURCE_ROOT; };
		5B151BCE21CE60F700C1F925 /* woman.jpg */ = {isa = PBXFileReference; lastKnownFileType = image.jpeg; path = woman.jpg; sourceTree = "<group>"; };
/* End PBXFileReference section */

/* Begin PBXFrameworksBuildPhase section */
		5B151BA521CCB6BA00C1F925 /* Frameworks */ = {
			isa = PBXFrameworksBuildPhase;
			buildActionMask = 2147483647;
			files = (
			);
			runOnlyForDeploymentPostprocessing = 0;
		};
/* End PBXFrameworksBuildPhase section */

/* Begin PBXGroup section */
		5B151B9F21CCB6BA00C1F925 = {
			isa = PBXGroup;
			children = (
				5B151BAA21CCB6BA00C1F925 /* Deeplab */,
				5B151BA921CCB6BA00C1F925 /* Products */,
			);
			sourceTree = "<group>";
		};
		5B151BA921CCB6BA00C1F925 /* Products */ = {
			isa = PBXGroup;
			children = (
				5B151BA821CCB6BA00C1F925 /* Deeplab.app */,
			);
			name = Products;
			sourceTree = "<group>";
		};
		5B151BAA21CCB6BA00C1F925 /* Deeplab */ = {
			isa = PBXGroup;
			children = (
				5B151BC721CCBC6700C1F925 /* Utils */,
				5B151BC621CCBC5A00C1F925 /* Images */,
				5B151BBD21CCB7BD00C1F925 /* Models */,
				5B151BAB21CCB6BA00C1F925 /* AppDelegate.swift */,
				5B151BAD21CCB6BA00C1F925 /* ViewController.swift */,
				5B151BAF21CCB6BD00C1F925 /* Assets.xcassets */,
				5B151BB121CCB6BD00C1F925 /* Main.storyboard */,
				5B151BB421CCB6BD00C1F925 /* Info.plist */,
				5B151BB521CCB6BD00C1F925 /* Deeplab.entitlements */,
			);
			path = Deeplab;
			sourceTree = "<group>";
		};
		5B151BBD21CCB7BD00C1F925 /* Models */ = {
			isa = PBXGroup;
			children = (
				5B151BC221CCB8F800C1F925 /* HED_so.mlmodel */,
				5B151BC321CCB8F800C1F925 /* HED_so3.mlmodel */,
				5B151BBE21CCB7E300C1F925 /* deeplab.mlmodel */,
				5B151BBF21CCB7E300C1F925 /* HED_fuse.mlmodel */,
			);
			name = Models;
			sourceTree = "<group>";
		};
		5B151BC621CCBC5A00C1F925 /* Images */ = {
			isa = PBXGroup;
			children = (
				5B151BCE21CE60F700C1F925 /* woman.jpg */,
				5B151BCC21CCBC9A00C1F925 /* pic1.jpg */,
			);
			path = Images;
			sourceTree = "<group>";
		};
		5B151BC721CCBC6700C1F925 /* Utils */ = {
			isa = PBXGroup;
			children = (
				5B151BC821CCBC8800C1F925 /* UIImage+CVPixelBuffer.swift */,
				5B151BC921CCBC8800C1F925 /* UIImage+Resize.swift */,
			);
			path = Utils;
			sourceTree = "<group>";
		};
/* End PBXGroup section */

/* Begin PBXNativeTarget section */
		5B151BA721CCB6BA00C1F925 /* Deeplab */ = {
			isa = PBXNativeTarget;
			buildConfigurationList = 5B151BB821CCB6BD00C1F925 /* Build configuration list for PBXNativeTarget "Deeplab" */;
			buildPhases = (
				5B151BA421CCB6BA00C1F925 /* Sources */,
				5B151BA521CCB6BA00C1F925 /* Frameworks */,
				5B151BA621CCB6BA00C1F925 /* Resources */,
			);
			buildRules = (
			);
			dependencies = (
			);
			name = Deeplab;
			productName = Deeplab;
			productReference = 5B151BA821CCB6BA00C1F925 /* Deeplab.app */;
			productType = "com.apple.product-type.application";
		};
/* End PBXNativeTarget section */

/* Begin PBXProject section */
		5B151BA021CCB6BA00C1F925 /* Project object */ = {
			isa = PBXProject;
			attributes = {
				KnownAssetTags = (
					New,
				);
				LastSwiftUpdateCheck = 1010;
				LastUpgradeCheck = 1010;
				ORGANIZATIONNAME = "mac-webgl-stable";
				TargetAttributes = {
					5B151BA721CCB6BA00C1F925 = {
						CreatedOnToolsVersion = 10.1;
					};
				};
			};
			buildConfigurationList = 5B151BA321CCB6BA00C1F925 /* Build configuration list for PBXProject "Deeplab" */;
			compatibilityVersion = "Xcode 9.3";
			developmentRegion = en;
			hasScannedForEncodings = 0;
			knownRegions = (
				en,
				Base,
			);
			mainGroup = 5B151B9F21CCB6BA00C1F925;
			productRefGroup = 5B151BA921CCB6BA00C1F925 /* Products */;
			projectDirPath = "";
			projectRoot = "";
			targets = (
				5B151BA721CCB6BA00C1F925 /* Deeplab */,
			);
		};
/* End PBXProject section */

/* Begin PBXResourcesBuildPhase section */
		5B151BA621CCB6BA00C1F925 /* Resources */ = {
			isa = PBXResourcesBuildPhase;
			buildActionMask = 2147483647;
			files = (
				5B151BB021CCB6BD00C1F925 /* Assets.xcassets in Resources */,
				5B151BCD21CCBC9A00C1F925 /* pic1.jpg in Resources */,
				5B151BCF21CE60F700C1F925 /* woman.jpg in Resources */,
				5B151BB321CCB6BD00C1F925 /* Main.storyboard in Resources */,
			);
			runOnlyForDeploymentPostprocessing = 0;
		};
/* End PBXResourcesBuildPhase section */

/* Begin PBXSourcesBuildPhase section */
		5B151BA421CCB6BA00C1F925 /* Sources */ = {
			isa = PBXSourcesBuildPhase;
			buildActionMask = 2147483647;
			files = (
				5B151BAE21CCB6BA00C1F925 /* ViewController.swift in Sources */,
				5B151BC021CCB7E300C1F925 /* deeplab.mlmodel in Sources */,
				5B151BC521CCB8F800C1F925 /* HED_so3.mlmodel in Sources */,
				5B151BC421CCB8F800C1F925 /* HED_so.mlmodel in Sources */,
				5B151BCA21CCBC8800C1F925 /* UIImage+CVPixelBuffer.swift in Sources */,
				5B151BCB21CCBC8800C1F925 /* UIImage+Resize.swift in Sources */,
				5B151BAC21CCB6BA00C1F925 /* AppDelegate.swift in Sources */,
				5B151BC121CCB7E300C1F925 /* HED_fuse.mlmodel in Sources */,
			);
			runOnlyForDeploymentPostprocessing = 0;
		};
/* End PBXSourcesBuildPhase section */

/* Begin PBXVariantGroup section */
		5B151BB121CCB6BD00C1F925 /* Main.storyboard */ = {
			isa = PBXVariantGroup;
			children = (
				5B151BB221CCB6BD00C1F925 /* Base */,
			);
			name = Main.storyboard;
			sourceTree = "<group>";
		};
/* End PBXVariantGroup section */

/* Begin XCBuildConfiguration section */
		5B151BB621CCB6BD00C1F925 /* Debug */ = {
			isa = XCBuildConfiguration;
			buildSettings = {
				ALWAYS_SEARCH_USER_PATHS = NO;
				CLANG_ANALYZER_NONNULL = YES;
				CLANG_ANALYZER_NUMBER_OBJECT_CONVERSION = YES_AGGRESSIVE;
				CLANG_CXX_LANGUAGE_STANDARD = "gnu++14";
				CLANG_CXX_LIBRARY = "libc++";
				CLANG_ENABLE_MODULES = YES;
				CLANG_ENABLE_OBJC_ARC = YES;
				CLANG_ENABLE_OBJC_WEAK = YES;
				CLANG_WARN_BLOCK_CAPTURE_AUTORELEASING = YES;
				CLANG_WARN_BOOL_CONVERSION = YES;
				CLANG_WARN_COMMA = YES;
				CLANG_WARN_CONSTANT_CONVERSION = YES;
				CLANG_WARN_DEPRECATED_OBJC_IMPLEMENTATIONS = YES;
				CLANG_WARN_DIRECT_OBJC_ISA_USAGE = YES_ERROR;
				CLANG_WARN_DOCUMENTATION_COMMENTS = YES;
				CLANG_WARN_EMPTY_BODY = YES;
				CLANG_WARN_ENUM_CONVERSION = YES;
				CLANG_WARN_INFINITE_RECURSION = YES;
				CLANG_WARN_INT_CONVERSION = YES;
				CLANG_WARN_NON_LITERAL_NULL_CONVERSION = YES;
				CLANG_WARN_OBJC_IMPLICIT_RETAIN_SELF = YES;
				CLANG_WARN_OBJC_LITERAL_CONVERSION = YES;
				CLANG_WARN_OBJC_ROOT_CLASS = YES_ERROR;
				CLANG_WARN_RANGE_LOOP_ANALYSIS = YES;
				CLANG_WARN_STRICT_PROTOTYPES = YES;
				CLANG_WARN_SUSPICIOUS_MOVE = YES;
				CLANG_WARN_UNGUARDED_AVAILABILITY = YES_AGGRESSIVE;
				CLANG_WARN_UNREACHABLE_CODE = YES;
				CLANG_WARN__DUPLICATE_METHOD_MATCH = YES;
				CODE_SIGN_IDENTITY = "-";
				COPY_PHASE_STRIP = NO;
				DEBUG_INFORMATION_FORMAT = dwarf;
				ENABLE_STRICT_OBJC_MSGSEND = YES;
				ENABLE_TESTABILITY = YES;
				GCC_C_LANGUAGE_STANDARD = gnu11;
				GCC_DYNAMIC_NO_PIC = NO;
				GCC_NO_COMMON_BLOCKS = YES;
				GCC_OPTIMIZATION_LEVEL = 0;
				GCC_PREPROCESSOR_DEFINITIONS = (
					"DEBUG=1",
					"$(inherited)",
				);
				GCC_WARN_64_TO_32_BIT_CONVERSION = YES;
				GCC_WARN_ABOUT_RETURN_TYPE = YES_ERROR;
				GCC_WARN_UNDECLARED_SELECTOR = YES;
				GCC_WARN_UNINITIALIZED_AUTOS = YES_AGGRESSIVE;
				GCC_WARN_UNUSED_FUNCTION = YES;
				GCC_WARN_UNUSED_VARIABLE = YES;
				MACOSX_DEPLOYMENT_TARGET = 10.14;
				MTL_ENABLE_DEBUG_INFO = INCLUDE_SOURCE;
				MTL_FAST_MATH = YES;
				ONLY_ACTIVE_ARCH = YES;
				SDKROOT = macosx;
				SWIFT_ACTIVE_COMPILATION_CONDITIONS = DEBUG;
				SWIFT_OPTIMIZATION_LEVEL = "-Onone";
			};
			name = Debug;
		};
		5B151BB721CCB6BD00C1F925 /* Release */ = {
			isa = XCBuildConfiguration;
			buildSettings = {
				ALWAYS_SEARCH_USER_PATHS = NO;
				CLANG_ANALYZER_NONNULL = YES;
				CLANG_ANALYZER_NUMBER_OBJECT_CONVERSION = YES_AGGRESSIVE;
				CLANG_CXX_LANGUAGE_STANDARD = "gnu++14";
				CLANG_CXX_LIBRARY = "libc++";
				CLANG_ENABLE_MODULES = YES;
				CLANG_ENABLE_OBJC_ARC = YES;
				CLANG_ENABLE_OBJC_WEAK = YES;
				CLANG_WARN_BLOCK_CAPTURE_AUTORELEASING = YES;
				CLANG_WARN_BOOL_CONVERSION = YES;
				CLANG_WARN_COMMA = YES;
				CLANG_WARN_CONSTANT_CONVERSION = YES;
				CLANG_WARN_DEPRECATED_OBJC_IMPLEMENTATIONS = YES;
				CLANG_WARN_DIRECT_OBJC_ISA_USAGE = YES_ERROR;
				CLANG_WARN_DOCUMENTATION_COMMENTS = YES;
				CLANG_WARN_EMPTY_BODY = YES;
				CLANG_WARN_ENUM_CONVERSION = YES;
				CLANG_WARN_INFINITE_RECURSION = YES;
				CLANG_WARN_INT_CONVERSION = YES;
				CLANG_WARN_NON_LITERAL_NULL_CONVERSION = YES;
				CLANG_WARN_OBJC_IMPLICIT_RETAIN_SELF = YES;
				CLANG_WARN_OBJC_LITERAL_CONVERSION = YES;
				CLANG_WARN_OBJC_ROOT_CLASS = YES_ERROR;
				CLANG_WARN_RANGE_LOOP_ANALYSIS = YES;
				CLANG_WARN_STRICT_PROTOTYPES = YES;
				CLANG_WARN_SUSPICIOUS_MOVE = YES;
				CLANG_WARN_UNGUARDED_AVAILABILITY = YES_AGGRESSIVE;
				CLANG_WARN_UNREACHABLE_CODE = YES;
				CLANG_WARN__DUPLICATE_METHOD_MATCH = YES;
				CODE_SIGN_IDENTITY = "-";
				COPY_PHASE_STRIP = NO;
				DEBUG_INFORMATION_FORMAT = "dwarf-with-dsym";
				ENABLE_NS_ASSERTIONS = NO;
				ENABLE_STRICT_OBJC_MSGSEND = YES;
				GCC_C_LANGUAGE_STANDARD = gnu11;
				GCC_NO_COMMON_BLOCKS = YES;
				GCC_WARN_64_TO_32_BIT_CONVERSION = YES;
				GCC_WARN_ABOUT_RETURN_TYPE = YES_ERROR;
				GCC_WARN_UNDECLARED_SELECTOR = YES;
				GCC_WARN_UNINITIALIZED_AUTOS = YES_AGGRESSIVE;
				GCC_WARN_UNUSED_FUNCTION = YES;
				GCC_WARN_UNUSED_VARIABLE = YES;
				MACOSX_DEPLOYMENT_TARGET = 10.14;
				MTL_ENABLE_DEBUG_INFO = NO;
				MTL_FAST_MATH = YES;
				SDKROOT = macosx;
				SWIFT_COMPILATION_MODE = wholemodule;
				SWIFT_OPTIMIZATION_LEVEL = "-O";
			};
			name = Release;
		};
		5B151BB921CCB6BD00C1F925 /* Debug */ = {
			isa = XCBuildConfiguration;
			buildSettings = {
				ASSETCATALOG_COMPILER_APPICON_NAME = AppIcon;
				CODE_SIGN_ENTITLEMENTS = Deeplab/Deeplab.entitlements;
				CODE_SIGN_STYLE = Automatic;
				COMBINE_HIDPI_IMAGES = YES;
				INFOPLIST_FILE = Deeplab/Info.plist;
				LD_RUNPATH_SEARCH_PATHS = (
					"$(inherited)",
					"@executable_path/../Frameworks",
				);
				PRODUCT_BUNDLE_IDENTIFIER = org.hello.Deeplab;
				PRODUCT_NAME = "$(TARGET_NAME)";
				SWIFT_VERSION = 4.2;
			};
			name = Debug;
		};
		5B151BBA21CCB6BD00C1F925 /* Release */ = {
			isa = XCBuildConfiguration;
			buildSettings = {
				ASSETCATALOG_COMPILER_APPICON_NAME = AppIcon;
				CODE_SIGN_ENTITLEMENTS = Deeplab/Deeplab.entitlements;
				CODE_SIGN_STYLE = Automatic;
				COMBINE_HIDPI_IMAGES = YES;
				INFOPLIST_FILE = Deeplab/Info.plist;
				LD_RUNPATH_SEARCH_PATHS = (
					"$(inherited)",
					"@executable_path/../Frameworks",
				);
				PRODUCT_BUNDLE_IDENTIFIER = org.hello.Deeplab;
				PRODUCT_NAME = "$(TARGET_NAME)";
				SWIFT_VERSION = 4.2;
			};
			name = Release;
		};
/* End XCBuildConfiguration section */

/* Begin XCConfigurationList section */
		5B151BA321CCB6BA00C1F925 /* Build configuration list for PBXProject "Deeplab" */ = {
			isa = XCConfigurationList;
			buildConfigurations = (
				5B151BB621CCB6BD00C1F925 /* Debug */,
				5B151BB721CCB6BD00C1F925 /* Release */,
			);
			defaultConfigurationIsVisible = 0;
			defaultConfigurationName = Release;
		};
		5B151BB821CCB6BD00C1F925 /* Build configuration list for PBXNativeTarget "Deeplab" */ = {
			isa = XCConfigurationList;
			buildConfigurations = (
				5B151BB921CCB6BD00C1F925 /* Debug */,
				5B151BBA21CCB6BD00C1F925 /* Release */,
			);
			defaultConfigurationIsVisible = 0;
			defaultConfigurationName = Release;
		};
/* End XCConfigurationList section */
	};
	rootObject = 5B151BA021CCB6BA00C1F925 /* Project object */;
}
